
Microsoft Visual Studio Solution File, Format Version 12.00
# Visual Studio 14
VisualStudioVersion = 14.0.23107.0
MinimumVisualStudioVersion = 10.0.40219.1
Project("{FAE04EC0-301F-11D3-BF4B-00C04F79EFBC}") = "CH06.Exercice01", "CH01.Exercice01\CH06.Exercice01.csproj", "{545FDC05-DE0A-41FA-8F0B-DC4FB6DB951C}"
EndProject
Project("{FAE04EC0-301F-11D3-BF4B-00C04F79EFBC}") = "CH07.ApplicationObjets", "CH07.ApplicationObjets\CH07.ApplicationObjets.csproj", "{B9BD130D-CA24-431D-B9F7-B6FC07B7FE26}"
EndProject
Project("{FAE04EC0-301F-11D3-BF4B-00C04F79EFBC}") = "CH07.CptInstances", "CH07.CptInstances\CH07.CptInstances.csproj", "{F040C7FA-F256-4BAF-B36D-EC45AF9E3D8C}"
EndProject
Project("{FAE04EC0-301F-11D3-BF4B-00C04F79EFBC}") = "CH07.Singleton", "CH07.Singleton\CH07.Singleton.csproj", "{E32C2636-77B5-4F43-8FFC-2F7FB08FCF76}"
EndProject
Project("{FAE04EC0-301F-11D3-BF4B-00C04F79EFBC}") = "CH10.EchiquierCLI", "CH10.EchiquierCLI\CH10.EchiquierCLI.csproj", "{5271B7FF-D262-4656-AF42-440EA29DE560}"
EndProject
Project("{FAE04EC0-301F-11D3-BF4B-00C04F79EFBC}") = "CH10.EchiquierGUI", "CH10.EchiquierGUI\CH10.EchiquierGUI.csproj", "{25285554-05A1-4719-8F9D-71FF05311C1D}"
EndProject
Project("{FAE04EC0-301F-11D3-BF4B-00C04F79EFBC}") = "Misc.01.Interfaces", "Misc.01.Interfaces\Misc.01.Interfaces.csproj", "{6DB36706-00BC-47CD-B872-CE8F2CF5199F}"
EndProject
Project("{FAE04EC0-301F-11D3-BF4B-00C04F79EFBC}") = "CH12_13.Heritage01", "CH12_13.Heritage01\CH12_13.Heritage01.csproj", "{F239DD0A-B96F-43B7-BDDC-6C47B3FCFF10}"
EndProject
Project("{FAE04EC0-301F-11D3-BF4B-00C04F79EFBC}") = "Misc.02.AssociationBi", "Misc.02.AssociationBi\Misc.02.AssociationBi.csproj", "{A0235A3A-834B-477D-B7FD-B686DC913D12}"
EndProject
Project("{FAE04EC0-301F-11D3-BF4B-00C04F79EFBC}") = "Misc.03.StatePattern01", "Misc.03.StatePattern01\Misc.03.StatePattern01.csproj", "{23698375-32B2-4E0E-9A4B-16AE1019AEDA}"
EndProject
Project("{FAE04EC0-301F-11D3-BF4B-00C04F79EFBC}") = "CH15.Properties", "CH15.Properties\CH15.Properties.csproj", "{E12D5934-D4D4-466A-8199-B6DCB466E29D}"
EndProject
Project("{FAE04EC0-301F-11D3-BF4B-00C04F79EFBC}") = "CH16.IndexersAtZoo", "CH16.IndexersAtZoo\CH16.IndexersAtZoo.csproj", "{F99DD09A-4495-4C63-911C-4AE5A987C7DC}"
EndProject
Global
	GlobalSection(SolutionConfigurationPlatforms) = preSolution
		Debug|Any CPU = Debug|Any CPU
		Release|Any CPU = Release|Any CPU
	EndGlobalSection
	GlobalSection(ProjectConfigurationPlatforms) = postSolution
		{545FDC05-DE0A-41FA-8F0B-DC4FB6DB951C}.Debug|Any CPU.ActiveCfg = Debug|Any CPU
		{545FDC05-DE0A-41FA-8F0B-DC4FB6DB951C}.Debug|Any CPU.Build.0 = Debug|Any CPU
		{545FDC05-DE0A-41FA-8F0B-DC4FB6DB951C}.Release|Any CPU.ActiveCfg = Release|Any CPU
		{545FDC05-DE0A-41FA-8F0B-DC4FB6DB951C}.Release|Any CPU.Build.0 = Release|Any CPU
		{B9BD130D-CA24-431D-B9F7-B6FC07B7FE26}.Debug|Any CPU.ActiveCfg = Debug|Any CPU
		{B9BD130D-CA24-431D-B9F7-B6FC07B7FE26}.Debug|Any CPU.Build.0 = Debug|Any CPU
		{B9BD130D-CA24-431D-B9F7-B6FC07B7FE26}.Release|Any CPU.ActiveCfg = Release|Any CPU
		{B9BD130D-CA24-431D-B9F7-B6FC07B7FE26}.Release|Any CPU.Build.0 = Release|Any CPU
		{F040C7FA-F256-4BAF-B36D-EC45AF9E3D8C}.Debug|Any CPU.ActiveCfg = Debug|Any CPU
		{F040C7FA-F256-4BAF-B36D-EC45AF9E3D8C}.Debug|Any CPU.Build.0 = Debug|Any CPU
		{F040C7FA-F256-4BAF-B36D-EC45AF9E3D8C}.Release|Any CPU.ActiveCfg = Release|Any CPU
		{F040C7FA-F256-4BAF-B36D-EC45AF9E3D8C}.Release|Any CPU.Build.0 = Release|Any CPU
		{E32C2636-77B5-4F43-8FFC-2F7FB08FCF76}.Debug|Any CPU.ActiveCfg = Debug|Any CPU
		{E32C2636-77B5-4F43-8FFC-2F7FB08FCF76}.Debug|Any CPU.Build.0 = Debug|Any CPU
		{E32C2636-77B5-4F43-8FFC-2F7FB08FCF76}.Release|Any CPU.ActiveCfg = Release|Any CPU
		{E32C2636-77B5-4F43-8FFC-2F7FB08FCF76}.Release|Any CPU.Build.0 = Release|Any CPU
		{5271B7FF-D262-4656-AF42-440EA29DE560}.Debug|Any CPU.ActiveCfg = Debug|Any CPU
		{5271B7FF-D262-4656-AF42-440EA29DE560}.Debug|Any CPU.Build.0 = Debug|Any CPU
		{5271B7FF-D262-4656-AF42-440EA29DE560}.Release|Any CPU.ActiveCfg = Release|Any CPU
		{5271B7FF-D262-4656-AF42-440EA29DE560}.Release|Any CPU.Build.0 = Release|Any CPU
		{25285554-05A1-4719-8F9D-71FF05311C1D}.Debug|Any CPU.ActiveCfg = Debug|Any CPU
		{25285554-05A1-4719-8F9D-71FF05311C1D}.Debug|Any CPU.Build.0 = Debug|Any CPU
		{25285554-05A1-4719-8F9D-71FF05311C1D}.Release|Any CPU.ActiveCfg = Release|Any CPU
		{25285554-05A1-4719-8F9D-71FF05311C1D}.Release|Any CPU.Build.0 = Release|Any CPU
		{6DB36706-00BC-47CD-B872-CE8F2CF5199F}.Debug|Any CPU.ActiveCfg = Debug|Any CPU
		{6DB36706-00BC-47CD-B872-CE8F2CF5199F}.Debug|Any CPU.Build.0 = Debug|Any CPU
		{6DB36706-00BC-47CD-B872-CE8F2CF5199F}.Release|Any CPU.ActiveCfg = Release|Any CPU
		{6DB36706-00BC-47CD-B872-CE8F2CF5199F}.Release|Any CPU.Build.0 = Release|Any CPU
		{F239DD0A-B96F-43B7-BDDC-6C47B3FCFF10}.Debug|Any CPU.ActiveCfg = Debug|Any CPU
		{F239DD0A-B96F-43B7-BDDC-6C47B3FCFF10}.Debug|Any CPU.Build.0 = Debug|Any CPU
		{F239DD0A-B96F-43B7-BDDC-6C47B3FCFF10}.Release|Any CPU.ActiveCfg = Release|Any CPU
		{F239DD0A-B96F-43B7-BDDC-6C47B3FCFF10}.Release|Any CPU.Build.0 = Release|Any CPU
		{A0235A3A-834B-477D-B7FD-B686DC913D12}.Debug|Any CPU.ActiveCfg = Debug|Any CPU
		{A0235A3A-834B-477D-B7FD-B686DC913D12}.Debug|Any CPU.Build.0 = Debug|Any CPU
		{A0235A3A-834B-477D-B7FD-B686DC913D12}.Release|Any CPU.ActiveCfg = Release|Any CPU
		{A0235A3A-834B-477D-B7FD-B686DC913D12}.Release|Any CPU.Build.0 = Release|Any CPU
		{23698375-32B2-4E0E-9A4B-16AE1019AEDA}.Debug|Any CPU.ActiveCfg = Debug|Any CPU
		{23698375-32B2-4E0E-9A4B-16AE1019AEDA}.Debug|Any CPU.Build.0 = Debug|Any CPU
		{23698375-32B2-4E0E-9A4B-16AE1019AEDA}.Release|Any CPU.ActiveCfg = Release|Any CPU
		{23698375-32B2-4E0E-9A4B-16AE1019AEDA}.Release|Any CPU.Build.0 = Release|Any CPU
		{E12D5934-D4D4-466A-8199-B6DCB466E29D}.Debug|Any CPU.ActiveCfg = Debug|Any CPU
		{E12D5934-D4D4-466A-8199-B6DCB466E29D}.Debug|Any CPU.Build.0 = Debug|Any CPU
		{E12D5934-D4D4-466A-8199-B6DCB466E29D}.Release|Any CPU.ActiveCfg = Release|Any CPU
		{E12D5934-D4D4-466A-8199-B6DCB466E29D}.Release|Any CPU.Build.0 = Release|Any CPU
		{F99DD09A-4495-4C63-911C-4AE5A987C7DC}.Debug|Any CPU.ActiveCfg = Debug|Any CPU
		{F99DD09A-4495-4C63-911C-4AE5A987C7DC}.Debug|Any CPU.Build.0 = Debug|Any CPU
		{F99DD09A-4495-4C63-911C-4AE5A987C7DC}.Release|Any CPU.ActiveCfg = Release|Any CPU
		{F99DD09A-4495-4C63-911C-4AE5A987C7DC}.Release|Any CPU.Build.0 = Release|Any CPU
	EndGlobalSection
	GlobalSection(SolutionProperties) = preSolution
		HideSolutionNode = FALSE
	EndGlobalSection
EndGlobal
